# This file was autogenerated by Juvix version 0.6.9.
# Do not edit this file manually.

version: 2
checksum: 08d6d9b327025d93ee080529a84dd9b8b09a70f91fdc413df9a38e05d9f04e18
dependencies:
- git:
    name: anoma_juvix-stdlib
    ref: 4e98315bc937536cbcd1c60178fd3d48e3a9d3c4
    url: https://github.com/anoma/juvix-stdlib
  dependencies: []
- git:
    name: anoma_anoma-applib
    ref: e52b52c0ff32d611411f0a157653ac8bb4cdcfc6
    url: https://github.com/anoma/anoma-applib
  dependencies:
  - git:
      name: anoma_juvix-stdlib
      ref: 4e98315bc937536cbcd1c60178fd3d48e3a9d3c4
      url: https://github.com/anoma/juvix-stdlib
    dependencies: []
  - git:
      name: anoma_juvix-mtl
      ref: e8f6438b123c1b30ec5153344e13886c76afae89
      url: https://github.com/anoma/juvix-mtl
    dependencies:
    - git:
        name: anoma_juvix-stdlib
        ref: 4e98315bc937536cbcd1c60178fd3d48e3a9d3c4
        url: https://github.com/anoma/juvix-stdlib
      dependencies: []
- git:
    name: anoma_juvix-mtl
    ref: e8f6438b123c1b30ec5153344e13886c76afae89
    url: https://github.com/anoma/juvix-mtl
  dependencies:
  - git:
      name: anoma_juvix-stdlib
      ref: 4e98315bc937536cbcd1c60178fd3d48e3a9d3c4
      url: https://github.com/anoma/juvix-stdlib
    dependencies: []
- path: ../Extra
  dependencies:
  - git:
      name: anoma_juvix-stdlib
      ref: 4e98315bc937536cbcd1c60178fd3d48e3a9d3c4
      url: https://github.com/anoma/juvix-stdlib
    dependencies: []
  - git:
      name: anoma_anoma-applib
      ref: e52b52c0ff32d611411f0a157653ac8bb4cdcfc6
      url: https://github.com/anoma/anoma-applib
    dependencies:
    - git:
        name: anoma_juvix-stdlib
        ref: 4e98315bc937536cbcd1c60178fd3d48e3a9d3c4
        url: https://github.com/anoma/juvix-stdlib
      dependencies: []
    - git:
        name: anoma_juvix-mtl
        ref: e8f6438b123c1b30ec5153344e13886c76afae89
        url: https://github.com/anoma/juvix-mtl
      dependencies:
      - git:
          name: anoma_juvix-stdlib
          ref: 4e98315bc937536cbcd1c60178fd3d48e3a9d3c4
          url: https://github.com/anoma/juvix-stdlib
        dependencies: []
  - git:
      name: anoma_juvix-mtl
      ref: e8f6438b123c1b30ec5153344e13886c76afae89
      url: https://github.com/anoma/juvix-mtl
    dependencies:
    - git:
        name: anoma_juvix-stdlib
        ref: 4e98315bc937536cbcd1c60178fd3d48e3a9d3c4
        url: https://github.com/anoma/juvix-stdlib
      dependencies: []
