# This file was autogenerated by Juvix version 0.6.9.
# Do not edit this file manually.

version: 2
checksum: ee3b1f0b02296f8f133a984d3489b014496ad1355924d1f6dac05cfc49bd5812
dependencies:
- git:
    name: anoma_juvix-stdlib
    ref: e5add9b2a8ce3dc28519c135bdcdcd694d0bea15
    url: https://github.com/anoma/juvix-stdlib
  dependencies: []
- git:
    name: anoma_anoma-applib
    ref: 4af25349fc375d4ade7e040aa96ae776ed9a49e7
    url: https://github.com/anoma/anoma-applib
  dependencies:
  - git:
      name: anoma_juvix-stdlib
      ref: e5add9b2a8ce3dc28519c135bdcdcd694d0bea15
      url: https://github.com/anoma/juvix-stdlib
    dependencies: []
  - git:
      name: anoma_juvix-mtl
      ref: 116893aa8f6233d693bdfa60a56a3879208cfd8f
      url: https://github.com/anoma/juvix-mtl
    dependencies:
    - git:
        name: anoma_juvix-stdlib
        ref: e5add9b2a8ce3dc28519c135bdcdcd694d0bea15
        url: https://github.com/anoma/juvix-stdlib
      dependencies: []
- git:
    name: anoma_juvix-mtl
    ref: 116893aa8f6233d693bdfa60a56a3879208cfd8f
    url: https://github.com/anoma/juvix-mtl
  dependencies:
  - git:
      name: anoma_juvix-stdlib
      ref: e5add9b2a8ce3dc28519c135bdcdcd694d0bea15
      url: https://github.com/anoma/juvix-stdlib
    dependencies: []
