# This file was autogenerated by Juvix version 0.6.10.
# Do not edit this file manually.

version: 2
checksum: 7ffb436d7ceee1fb08db88962066e353988e6ae5eef2f0114d8df1f6dd10dac3
dependencies:
- git:
    name: anoma_juvix-stdlib
    ref: 24988693716daa8476806a812e71ce229983f5fa
    url: https://github.com/anoma/juvix-stdlib
  dependencies: []
- git:
    name: anoma_anoma-applib
    ref: 2041ec51155cf4bede3abcb210a85ab0e9053df2
    url: https://github.com/anoma/anoma-applib
  dependencies:
  - git:
      name: anoma_juvix-stdlib
      ref: 24988693716daa8476806a812e71ce229983f5fa
      url: https://github.com/anoma/juvix-stdlib
    dependencies: []
  - git:
      name: anoma_juvix-mtl
      ref: deb95fae8d728b916fb352d84e1b92d0320cf513
      url: https://github.com/anoma/juvix-mtl
    dependencies:
    - git:
        name: anoma_juvix-stdlib
        ref: 24988693716daa8476806a812e71ce229983f5fa
        url: https://github.com/anoma/juvix-stdlib
      dependencies: []
- git:
    name: anoma_juvix-mtl
    ref: deb95fae8d728b916fb352d84e1b92d0320cf513
    url: https://github.com/anoma/juvix-mtl
  dependencies:
  - git:
      name: anoma_juvix-stdlib
      ref: 24988693716daa8476806a812e71ce229983f5fa
      url: https://github.com/anoma/juvix-stdlib
    dependencies: []
