# This file was autogenerated by Juvix version 0.6.9.
# Do not edit this file manually.

version: 2
checksum: 5204f9d4b83053a0789b96e28fd8b7266325b7b20b40f8d932cd4ff87d6891de
dependencies:
- git:
    name: anoma_juvix-stdlib
    ref: 4e98315bc937536cbcd1c60178fd3d48e3a9d3c4
    url: https://github.com/anoma/juvix-stdlib
  dependencies: []
- git:
    name: anoma_anoma-applib
    ref: ec76d4aab6b8ca40752e2a393fb90890e1e54c59
    url: https://github.com/anoma/anoma-applib
  dependencies:
  - git:
      name: anoma_juvix-stdlib
      ref: 4e98315bc937536cbcd1c60178fd3d48e3a9d3c4
      url: https://github.com/anoma/juvix-stdlib
    dependencies: []
  - git:
      name: anoma_juvix-mtl
      ref: e8f6438b123c1b30ec5153344e13886c76afae89
      url: https://github.com/anoma/juvix-mtl
    dependencies:
    - git:
        name: anoma_juvix-stdlib
        ref: 4e98315bc937536cbcd1c60178fd3d48e3a9d3c4
        url: https://github.com/anoma/juvix-stdlib
      dependencies: []
- git:
    name: anoma_juvix-mtl
    ref: e8f6438b123c1b30ec5153344e13886c76afae89
    url: https://github.com/anoma/juvix-mtl
  dependencies:
  - git:
      name: anoma_juvix-stdlib
      ref: 4e98315bc937536cbcd1c60178fd3d48e3a9d3c4
      url: https://github.com/anoma/juvix-stdlib
    dependencies: []
