# This file was autogenerated by Juvix version 0.6.2.
# Do not edit this file manually.

version: 2
checksum: 3de3e44074cdb117abc190a223acabe27623e099f7d782ab3722b4032ab0a8dd
dependencies:
- path: .juvix-build/stdlib/
  dependencies: []
- git:
    name: anoma_juvix-anoma-stdlib
    ref: b91e93a7582a7ac87e7756e39c28affc05926dca
    url: https://github.com/anoma/juvix-anoma-stdlib
  dependencies:
  - path: .juvix-build/stdlib/
    dependencies: []
