# This file was autogenerated by Juvix version 0.6.3.
# Do not edit this file manually.

version: 2
checksum: d4d7643f2d4d193af44a11088b92b852ae2fdc14d3be8b071aa8f1158f83c340
dependencies:
- path: .juvix-build/stdlib/
  dependencies: []
- git:
    name: anoma_juvix-anoma-stdlib
    ref: 835ce837e75c35319ab7e362953f23f1bc5fd3e5
    url: https://github.com/anoma/juvix-anoma-stdlib
  dependencies:
  - git:
      name: anoma_juvix-stdlib
      ref: 89a5960fb8a29291e9271986b98ca7b1edf4031b
      url: https://github.com/anoma/juvix-stdlib
    dependencies: []
