# This file was autogenerated by Juvix version 0.6.9.
# Do not edit this file manually.

version: 2
checksum: bf49c3fcacc20ac5d525885d1874f2734f933e9bba856bd2a8de5733985db83f
dependencies:
- git:
    name: anoma_juvix-stdlib
    ref: 4e98315bc937536cbcd1c60178fd3d48e3a9d3c4
    url: https://github.com/anoma/juvix-stdlib
  dependencies: []
- git:
    name: anoma_anoma-applib
    ref: 36a6e7ad401b96570191e3e48b8e85314bdc3e0c
    url: https://github.com/anoma/anoma-applib
  dependencies:
  - git:
      name: anoma_juvix-stdlib
      ref: 4e98315bc937536cbcd1c60178fd3d48e3a9d3c4
      url: https://github.com/anoma/juvix-stdlib
    dependencies: []
  - git:
      name: anoma_juvix-mtl
      ref: e8f6438b123c1b30ec5153344e13886c76afae89
      url: https://github.com/anoma/juvix-mtl
    dependencies:
    - git:
        name: anoma_juvix-stdlib
        ref: 4e98315bc937536cbcd1c60178fd3d48e3a9d3c4
        url: https://github.com/anoma/juvix-stdlib
      dependencies: []
- git:
    name: anoma_juvix-mtl
    ref: e8f6438b123c1b30ec5153344e13886c76afae89
    url: https://github.com/anoma/juvix-mtl
  dependencies:
  - git:
      name: anoma_juvix-stdlib
      ref: 4e98315bc937536cbcd1c60178fd3d48e3a9d3c4
      url: https://github.com/anoma/juvix-stdlib
    dependencies: []
