# This file was autogenerated by Juvix version 0.6.2.
# Do not edit this file manually.

version: 2
checksum: 4cfd3838c1d602d663e35fd6975f04666d8faf62847516c6986ee9854fda468e
dependencies:
- path: .juvix-build/stdlib/
  dependencies: []
- git:
    name: anoma_juvix-anoma-stdlib
    ref: b91e93a7582a7ac87e7756e39c28affc05926dca
    url: https://github.com/anoma/juvix-anoma-stdlib
  dependencies:
  - path: .juvix-build/stdlib/
    dependencies: []
