# This file was autogenerated by Juvix version 0.6.9.
# Do not edit this file manually.

version: 2
checksum: 8f96ebeaf01a3019b827c704021cca64b3fcf7557f4618f15cc02fcb348aa599
dependencies:
- git:
    name: anoma_juvix-stdlib
    ref: e5add9b2a8ce3dc28519c135bdcdcd694d0bea15
    url: https://github.com/anoma/juvix-stdlib
  dependencies: []
- git:
    name: anoma_anoma-applib
    ref: 7103b4a390052b369d0e1464dc4e144a849c26bb
    url: https://github.com/anoma/anoma-applib
  dependencies:
  - git:
      name: anoma_juvix-stdlib
      ref: e5add9b2a8ce3dc28519c135bdcdcd694d0bea15
      url: https://github.com/anoma/juvix-stdlib
    dependencies: []
  - git:
      name: anoma_juvix-mtl
      ref: 116893aa8f6233d693bdfa60a56a3879208cfd8f
      url: https://github.com/anoma/juvix-mtl
    dependencies:
    - git:
        name: anoma_juvix-stdlib
        ref: e5add9b2a8ce3dc28519c135bdcdcd694d0bea15
        url: https://github.com/anoma/juvix-stdlib
      dependencies: []
- git:
    name: anoma_juvix-mtl
    ref: 116893aa8f6233d693bdfa60a56a3879208cfd8f
    url: https://github.com/anoma/juvix-mtl
  dependencies:
  - git:
      name: anoma_juvix-stdlib
      ref: e5add9b2a8ce3dc28519c135bdcdcd694d0bea15
      url: https://github.com/anoma/juvix-stdlib
    dependencies: []
