# This file was autogenerated by Juvix version 0.6.2.
# Do not edit this file manually.

version: 2
checksum: e7ab77b4963346ca6899cbda8d3d0e2218989d0c0999e9ac12b2f1981a9e98db
dependencies:
- path: .juvix-build/stdlib/
  dependencies: []
- git:
    name: anoma_juvix-anoma-stdlib
    ref: 5c72a64d5c9d17ad289c3c72d340a7ef3857bd10
    url: https://github.com/anoma/juvix-anoma-stdlib
  dependencies:
  - path: .juvix-build/stdlib/
    dependencies: []
